# This file is automatically @generated by Cargo.
# It is not intended for manual editing.
[[package]]
name = "byte"
version = "0.2.4"
source = "registry+https://github.com/rust-lang/crates.io-index"
checksum = "4eff8d8a998f86cf986d86c89456409d57dd8e5734f44ad8a7a531ae0ee95384"

[[package]]
name = "testsignal"
version = "0.1.0"
dependencies = [
 "byte",
]
