# This file is automatically @generated by Cargo.
# It is not intended for manual editing.
[[package]]
name = "autocfg"
version = "1.0.1"
source = "registry+https://github.com/rust-lang/crates.io-index"
checksum = "cdb031dd78e28731d87d56cc8ffef4a8f36ca26c38fe2de700543e627f8a464a"

[[package]]
name = "byte"
version = "0.2.4"
source = "registry+https://github.com/rust-lang/crates.io-index"
checksum = "4eff8d8a998f86cf986d86c89456409d57dd8e5734f44ad8a7a531ae0ee95384"

[[package]]
name = "num-complex"
version = "0.3.1"
source = "registry+https://github.com/rust-lang/crates.io-index"
checksum = "747d632c0c558b87dbabbe6a82f3b4ae03720d0646ac5b7b4dae89394be5f2c5"
dependencies = [
 "num-traits",
]

[[package]]
name = "num-integer"
version = "0.1.44"
source = "registry+https://github.com/rust-lang/crates.io-index"
checksum = "d2cc698a63b549a70bc047073d2949cce27cd1c7b0a4a862d08a8031bc2801db"
dependencies = [
 "autocfg",
 "num-traits",
]

[[package]]
name = "num-traits"
version = "0.2.14"
source = "registry+https://github.com/rust-lang/crates.io-index"
checksum = "9a64b1ec5cda2586e284722486d802acf1f7dbdc623e2bfc57e65ca1cd099290"
dependencies = [
 "autocfg",
]

[[package]]
name = "primal-check"
version = "0.3.1"
source = "registry+https://github.com/rust-lang/crates.io-index"
checksum = "01419cee72c1a1ca944554e23d83e483e1bccf378753344e881de28b5487511d"
dependencies = [
 "num-integer",
]

[[package]]
name = "rustfft"
version = "5.0.1"
source = "registry+https://github.com/rust-lang/crates.io-index"
checksum = "a2af893d9cfb30d3d2f2ac4bd2a071232143558e06e791dc768179f0089f68f8"
dependencies = [
 "num-complex",
 "num-integer",
 "num-traits",
 "primal-check",
 "strength_reduce",
 "transpose",
]

[[package]]
name = "spektri"
version = "0.1.0"
dependencies = [
 "byte",
 "rustfft",
]

[[package]]
name = "strength_reduce"
version = "0.2.3"
source = "registry+https://github.com/rust-lang/crates.io-index"
checksum = "a3ff2f71c82567c565ba4b3009a9350a96a7269eaa4001ebedae926230bc2254"

[[package]]
name = "transpose"
version = "0.2.0"
source = "registry+https://github.com/rust-lang/crates.io-index"
checksum = "c3311ef71dea6a1fd6bf5bfc10ec5b4bef6174048f6b481dbc6ce915ff48c0a0"
dependencies = [
 "num-integer",
 "strength_reduce",
]
